// !$*UTF8*$!
{
	archiveVersion = 1;
	classes = {
	};
	objectVersion = 77;
	objects = {

/* Begin PBXBuildFile section */
		D9AF183C2CDEBF42001ACDDA /* WidgetKit.framework in Frameworks */ = {isa = PBXBuildFile; fileRef = D9AF183B2CDEBF42001ACDDA /* WidgetKit.framework */; };
		D9AF183E2CDEBF42001ACDDA /* SwiftUI.framework in Frameworks */ = {isa = PBXBuildFile; fileRef = D9AF183D2CDEBF42001ACDDA /* SwiftUI.framework */; };
		D9AF184F2CDEBF44001ACDDA /* SupaSetWidgetExtension.appex in Embed Foundation Extensions */ = {isa = PBXBuildFile; fileRef = D9AF18392CDEBF42001ACDDA /* SupaSetWidgetExtension.appex */; settings = {ATTRIBUTES = (RemoveHeadersOnCopy, ); }; };
/* End PBXBuildFile section */

/* Begin PBXContainerItemProxy section */
		D9A0C12B2CD9E805008F4E70 /* PBXContainerItemProxy */ = {
			isa = PBXContainerItemProxy;
			containerPortal = D9A0C1112CD9E803008F4E70 /* Project object */;
			proxyType = 1;
			remoteGlobalIDString = D9A0C1182CD9E803008F4E70;
			remoteInfo = SupaSet;
		};
		D9A0C1352CD9E805008F4E70 /* PBXContainerItemProxy */ = {
			isa = PBXContainerItemProxy;
			containerPortal = D9A0C1112CD9E803008F4E70 /* Project object */;
			proxyType = 1;
			remoteGlobalIDString = D9A0C1182CD9E803008F4E70;
			remoteInfo = SupaSet;
		};
		D9AF184D2CDEBF44001ACDDA /* PBXContainerItemProxy */ = {
			isa = PBXContainerItemProxy;
			containerPortal = D9A0C1112CD9E803008F4E70 /* Project object */;
			proxyType = 1;
			remoteGlobalIDString = D9AF18382CDEBF42001ACDDA;
			remoteInfo = SupaSetWidgetExtension;
		};
/* End PBXContainerItemProxy section */

/* Begin PBXCopyFilesBuildPhase section */
		D9AF18502CDEBF44001ACDDA /* Embed Foundation Extensions */ = {
			isa = PBXCopyFilesBuildPhase;
			buildActionMask = 2147483647;
			dstPath = "";
			dstSubfolderSpec = 13;
			files = (
				D9AF184F2CDEBF44001ACDDA /* SupaSetWidgetExtension.appex in Embed Foundation Extensions */,
			);
			name = "Embed Foundation Extensions";
			runOnlyForDeploymentPostprocessing = 0;
		};
/* End PBXCopyFilesBuildPhase section */

/* Begin PBXFileReference section */
		D9A0C1192CD9E803008F4E70 /* SupaSet.app */ = {isa = PBXFileReference; explicitFileType = wrapper.application; includeInIndex = 0; path = SupaSet.app; sourceTree = BUILT_PRODUCTS_DIR; };
		D9A0C12A2CD9E805008F4E70 /* SupaSetTests.xctest */ = {isa = PBXFileReference; explicitFileType = wrapper.cfbundle; includeInIndex = 0; path = SupaSetTests.xctest; sourceTree = BUILT_PRODUCTS_DIR; };
		D9A0C1342CD9E805008F4E70 /* SupaSetUITests.xctest */ = {isa = PBXFileReference; explicitFileType = wrapper.cfbundle; includeInIndex = 0; path = SupaSetUITests.xctest; sourceTree = BUILT_PRODUCTS_DIR; };
		D9AF18392CDEBF42001ACDDA /* SupaSetWidgetExtension.appex */ = {isa = PBXFileReference; explicitFileType = "wrapper.app-extension"; includeInIndex = 0; path = SupaSetWidgetExtension.appex; sourceTree = BUILT_PRODUCTS_DIR; };
		D9AF183B2CDEBF42001ACDDA /* WidgetKit.framework */ = {isa = PBXFileReference; lastKnownFileType = wrapper.framework; name = WidgetKit.framework; path = System/Library/Frameworks/WidgetKit.framework; sourceTree = SDKROOT; };
		D9AF183D2CDEBF42001ACDDA /* SwiftUI.framework */ = {isa = PBXFileReference; lastKnownFileType = wrapper.framework; name = SwiftUI.framework; path = System/Library/Frameworks/SwiftUI.framework; sourceTree = SDKROOT; };
/* End PBXFileReference section */

/* Begin PBXFileSystemSynchronizedBuildFileExceptionSet section */
		D9073FA02CDEE0C0000E23DA /* Exceptions for "SupaSet" folder in "SupaSetWidgetExtension" target */ = {
			isa = PBXFileSystemSynchronizedBuildFileExceptionSet;
			membershipExceptions = (
				Extensions/Color.swift,
				LiveActivities/LiveActivityManager.swift,
				LiveActivities/WorkoutAttributes.swift,
			);
			target = D9AF18382CDEBF42001ACDDA /* SupaSetWidgetExtension */;
		};
		D9AF18532CDEBF44001ACDDA /* Exceptions for "SupaSetWidget" folder in "SupaSetWidgetExtension" target */ = {
			isa = PBXFileSystemSynchronizedBuildFileExceptionSet;
			membershipExceptions = (
				Info.plist,
			);
			target = D9AF18382CDEBF42001ACDDA /* SupaSetWidgetExtension */;
		};
/* End PBXFileSystemSynchronizedBuildFileExceptionSet section */

/* Begin PBXFileSystemSynchronizedRootGroup section */
		D9A0C11B2CD9E803008F4E70 /* SupaSet */ = {
			isa = PBXFileSystemSynchronizedRootGroup;
			exceptions = (
				D9073FA02CDEE0C0000E23DA /* Exceptions for "SupaSet" folder in "SupaSetWidgetExtension" target */,
			);
			path = SupaSet;
			sourceTree = "<group>";
		};
		D9A0C12D2CD9E805008F4E70 /* SupaSetTests */ = {
			isa = PBXFileSystemSynchronizedRootGroup;
			path = SupaSetTests;
			sourceTree = "<group>";
		};
		D9A0C1372CD9E805008F4E70 /* SupaSetUITests */ = {
			isa = PBXFileSystemSynchronizedRootGroup;
			path = SupaSetUITests;
			sourceTree = "<group>";
		};
		D9AF183F2CDEBF42001ACDDA /* SupaSetWidget */ = {
			isa = PBXFileSystemSynchronizedRootGroup;
			exceptions = (
				D9AF18532CDEBF44001ACDDA /* Exceptions for "SupaSetWidget" folder in "SupaSetWidgetExtension" target */,
			);
			path = SupaSetWidget;
			sourceTree = "<group>";
		};
/* End PBXFileSystemSynchronizedRootGroup section */

/* Begin PBXFrameworksBuildPhase section */
		D9A0C1162CD9E803008F4E70 /* Frameworks */ = {
			isa = PBXFrameworksBuildPhase;
			buildActionMask = 2147483647;
			files = (
			);
			runOnlyForDeploymentPostprocessing = 0;
		};
		D9A0C1272CD9E805008F4E70 /* Frameworks */ = {
			isa = PBXFrameworksBuildPhase;
			buildActionMask = 2147483647;
			files = (
			);
			runOnlyForDeploymentPostprocessing = 0;
		};
		D9A0C1312CD9E805008F4E70 /* Frameworks */ = {
			isa = PBXFrameworksBuildPhase;
			buildActionMask = 2147483647;
			files = (
			);
			runOnlyForDeploymentPostprocessing = 0;
		};
		D9AF18362CDEBF42001ACDDA /* Frameworks */ = {
			isa = PBXFrameworksBuildPhase;
			buildActionMask = 2147483647;
			files = (
				D9AF183E2CDEBF42001ACDDA /* SwiftUI.framework in Frameworks */,
				D9AF183C2CDEBF42001ACDDA /* WidgetKit.framework in Frameworks */,
			);
			runOnlyForDeploymentPostprocessing = 0;
		};
/* End PBXFrameworksBuildPhase section */

/* Begin PBXGroup section */
		D9A0C1102CD9E803008F4E70 = {
			isa = PBXGroup;
			children = (
				D9A0C11B2CD9E803008F4E70 /* SupaSet */,
				D9A0C12D2CD9E805008F4E70 /* SupaSetTests */,
				D9A0C1372CD9E805008F4E70 /* SupaSetUITests */,
				D9AF183F2CDEBF42001ACDDA /* SupaSetWidget */,
				D9AF183A2CDEBF42001ACDDA /* Frameworks */,
				D9A0C11A2CD9E803008F4E70 /* Products */,
			);
			sourceTree = "<group>";
		};
		D9A0C11A2CD9E803008F4E70 /* Products */ = {
			isa = PBXGroup;
			children = (
				D9A0C1192CD9E803008F4E70 /* SupaSet.app */,
				D9A0C12A2CD9E805008F4E70 /* SupaSetTests.xctest */,
				D9A0C1342CD9E805008F4E70 /* SupaSetUITests.xctest */,
				D9AF18392CDEBF42001ACDDA /* SupaSetWidgetExtension.appex */,
			);
			name = Products;
			sourceTree = "<group>";
		};
		D9AF183A2CDEBF42001ACDDA /* Frameworks */ = {
			isa = PBXGroup;
			children = (
				D9AF183B2CDEBF42001ACDDA /* WidgetKit.framework */,
				D9AF183D2CDEBF42001ACDDA /* SwiftUI.framework */,
			);
			name = Frameworks;
			sourceTree = "<group>";
		};
/* End PBXGroup section */

/* Begin PBXNativeTarget section */
		D9A0C1182CD9E803008F4E70 /* SupaSet */ = {
			isa = PBXNativeTarget;
			buildConfigurationList = D9A0C13E2CD9E805008F4E70 /* Build configuration list for PBXNativeTarget "SupaSet" */;
			buildPhases = (
				D9A0C1152CD9E803008F4E70 /* Sources */,
				D9A0C1162CD9E803008F4E70 /* Frameworks */,
				D9A0C1172CD9E803008F4E70 /* Resources */,
				D9AF18502CDEBF44001ACDDA /* Embed Foundation Extensions */,
			);
			buildRules = (
			);
			dependencies = (
				D9AF184E2CDEBF44001ACDDA /* PBXTargetDependency */,
			);
			fileSystemSynchronizedGroups = (
				D9A0C11B2CD9E803008F4E70 /* SupaSet */,
			);
			name = SupaSet;
			packageProductDependencies = (
			);
			productName = SupaSet;
			productReference = D9A0C1192CD9E803008F4E70 /* SupaSet.app */;
			productType = "com.apple.product-type.application";
		};
		D9A0C1292CD9E805008F4E70 /* SupaSetTests */ = {
			isa = PBXNativeTarget;
			buildConfigurationList = D9A0C1412CD9E805008F4E70 /* Build configuration list for PBXNativeTarget "SupaSetTests" */;
			buildPhases = (
				D9A0C1262CD9E805008F4E70 /* Sources */,
				D9A0C1272CD9E805008F4E70 /* Frameworks */,
				D9A0C1282CD9E805008F4E70 /* Resources */,
			);
			buildRules = (
			);
			dependencies = (
				D9A0C12C2CD9E805008F4E70 /* PBXTargetDependency */,
			);
			fileSystemSynchronizedGroups = (
				D9A0C12D2CD9E805008F4E70 /* SupaSetTests */,
			);
			name = SupaSetTests;
			packageProductDependencies = (
			);
			productName = SupaSetTests;
			productReference = D9A0C12A2CD9E805008F4E70 /* SupaSetTests.xctest */;
			productType = "com.apple.product-type.bundle.unit-test";
		};
		D9A0C1332CD9E805008F4E70 /* SupaSetUITests */ = {
			isa = PBXNativeTarget;
			buildConfigurationList = D9A0C1442CD9E805008F4E70 /* Build configuration list for PBXNativeTarget "SupaSetUITests" */;
			buildPhases = (
				D9A0C1302CD9E805008F4E70 /* Sources */,
				D9A0C1312CD9E805008F4E70 /* Frameworks */,
				D9A0C1322CD9E805008F4E70 /* Resources */,
			);
			buildRules = (
			);
			dependencies = (
				D9A0C1362CD9E805008F4E70 /* PBXTargetDependency */,
			);
			fileSystemSynchronizedGroups = (
				D9A0C1372CD9E805008F4E70 /* SupaSetUITests */,
			);
			name = SupaSetUITests;
			packageProductDependencies = (
			);
			productName = SupaSetUITests;
			productReference = D9A0C1342CD9E805008F4E70 /* SupaSetUITests.xctest */;
			productType = "com.apple.product-type.bundle.ui-testing";
		};
		D9AF18382CDEBF42001ACDDA /* SupaSetWidgetExtension */ = {
			isa = PBXNativeTarget;
			buildConfigurationList = D9AF18542CDEBF44001ACDDA /* Build configuration list for PBXNativeTarget "SupaSetWidgetExtension" */;
			buildPhases = (
				D9AF18352CDEBF42001ACDDA /* Sources */,
				D9AF18362CDEBF42001ACDDA /* Frameworks */,
				D9AF18372CDEBF42001ACDDA /* Resources */,
			);
			buildRules = (
			);
			dependencies = (
			);
			fileSystemSynchronizedGroups = (
				D9AF183F2CDEBF42001ACDDA /* SupaSetWidget */,
			);
			name = SupaSetWidgetExtension;
			packageProductDependencies = (
			);
			productName = SupaSetWidgetExtension;
			productReference = D9AF18392CDEBF42001ACDDA /* SupaSetWidgetExtension.appex */;
			productType = "com.apple.product-type.app-extension";
		};
/* End PBXNativeTarget section */

/* Begin PBXProject section */
		D9A0C1112CD9E803008F4E70 /* Project object */ = {
			isa = PBXProject;
			attributes = {
				BuildIndependentTargetsInParallel = 1;
				LastSwiftUpdateCheck = 1610;
				LastUpgradeCheck = 1610;
				TargetAttributes = {
					D9A0C1182CD9E803008F4E70 = {
						CreatedOnToolsVersion = 16.1;
					};
					D9A0C1292CD9E805008F4E70 = {
						CreatedOnToolsVersion = 16.1;
						TestTargetID = D9A0C1182CD9E803008F4E70;
					};
					D9A0C1332CD9E805008F4E70 = {
						CreatedOnToolsVersion = 16.1;
						TestTargetID = D9A0C1182CD9E803008F4E70;
					};
					D9AF18382CDEBF42001ACDDA = {
						CreatedOnToolsVersion = 16.1;
					};
				};
			};
			buildConfigurationList = D9A0C1142CD9E803008F4E70 /* Build configuration list for PBXProject "SupaSet" */;
			developmentRegion = en;
			hasScannedForEncodings = 0;
			knownRegions = (
				en,
				Base,
			);
			mainGroup = D9A0C1102CD9E803008F4E70;
			minimizedProjectReferenceProxies = 1;
			preferredProjectObjectVersion = 77;
			productRefGroup = D9A0C11A2CD9E803008F4E70 /* Products */;
			projectDirPath = "";
			projectRoot = "";
			targets = (
				D9A0C1182CD9E803008F4E70 /* SupaSet */,
				D9A0C1292CD9E805008F4E70 /* SupaSetTests */,
				D9A0C1332CD9E805008F4E70 /* SupaSetUITests */,
				D9AF18382CDEBF42001ACDDA /* SupaSetWidgetExtension */,
			);
		};
/* End PBXProject section */

/* Begin PBXResourcesBuildPhase section */
		D9A0C1172CD9E803008F4E70 /* Resources */ = {
			isa = PBXResourcesBuildPhase;
			buildActionMask = 2147483647;
			files = (
			);
			runOnlyForDeploymentPostprocessing = 0;
		};
		D9A0C1282CD9E805008F4E70 /* Resources */ = {
			isa = PBXResourcesBuildPhase;
			buildActionMask = 2147483647;
			files = (
			);
			runOnlyForDeploymentPostprocessing = 0;
		};
		D9A0C1322CD9E805008F4E70 /* Resources */ = {
			isa = PBXResourcesBuildPhase;
			buildActionMask = 2147483647;
			files = (
			);
			runOnlyForDeploymentPostprocessing = 0;
		};
		D9AF18372CDEBF42001ACDDA /* Resources */ = {
			isa = PBXResourcesBuildPhase;
			buildActionMask = 2147483647;
			files = (
			);
			runOnlyForDeploymentPostprocessing = 0;
		};
/* End PBXResourcesBuildPhase section */

/* Begin PBXSourcesBuildPhase section */
		D9A0C1152CD9E803008F4E70 /* Sources */ = {
			isa = PBXSourcesBuildPhase;
			buildActionMask = 2147483647;
			files = (
			);
			runOnlyForDeploymentPostprocessing = 0;
		};
		D9A0C1262CD9E805008F4E70 /* Sources */ = {
			isa = PBXSourcesBuildPhase;
			buildActionMask = 2147483647;
			files = (
			);
			runOnlyForDeploymentPostprocessing = 0;
		};
		D9A0C1302CD9E805008F4E70 /* Sources */ = {
			isa = PBXSourcesBuildPhase;
			buildActionMask = 2147483647;
			files = (
			);
			runOnlyForDeploymentPostprocessing = 0;
		};
		D9AF18352CDEBF42001ACDDA /* Sources */ = {
			isa = PBXSourcesBuildPhase;
			buildActionMask = 2147483647;
			files = (
			);
			runOnlyForDeploymentPostprocessing = 0;
		};
/* End PBXSourcesBuildPhase section */

/* Begin PBXTargetDependency section */
		D9A0C12C2CD9E805008F4E70 /* PBXTargetDependency */ = {
			isa = PBXTargetDependency;
			target = D9A0C1182CD9E803008F4E70 /* SupaSet */;
			targetProxy = D9A0C12B2CD9E805008F4E70 /* PBXContainerItemProxy */;
		};
		D9A0C1362CD9E805008F4E70 /* PBXTargetDependency */ = {
			isa = PBXTargetDependency;
			target = D9A0C1182CD9E803008F4E70 /* SupaSet */;
			targetProxy = D9A0C1352CD9E805008F4E70 /* PBXContainerItemProxy */;
		};
		D9AF184E2CDEBF44001ACDDA /* PBXTargetDependency */ = {
			isa = PBXTargetDependency;
			target = D9AF18382CDEBF42001ACDDA /* SupaSetWidgetExtension */;
			targetProxy = D9AF184D2CDEBF44001ACDDA /* PBXContainerItemProxy */;
		};
/* End PBXTargetDependency section */

/* Begin XCBuildConfiguration section */
		D9A0C13C2CD9E805008F4E70 /* Debug */ = {
			isa = XCBuildConfiguration;
			buildSettings = {
				ALWAYS_SEARCH_USER_PATHS = NO;
				ASSETCATALOG_COMPILER_GENERATE_SWIFT_ASSET_SYMBOL_EXTENSIONS = YES;
				CLANG_ANALYZER_NONNULL = YES;
				CLANG_ANALYZER_NUMBER_OBJECT_CONVERSION = YES_AGGRESSIVE;
				CLANG_CXX_LANGUAGE_STANDARD = "gnu++20";
				CLANG_ENABLE_MODULES = YES;
				CLANG_ENABLE_OBJC_ARC = YES;
				CLANG_ENABLE_OBJC_WEAK = YES;
				CLANG_WARN_BLOCK_CAPTURE_AUTORELEASING = YES;
				CLANG_WARN_BOOL_CONVERSION = YES;
				CLANG_WARN_COMMA = YES;
				CLANG_WARN_CONSTANT_CONVERSION = YES;
				CLANG_WARN_DEPRECATED_OBJC_IMPLEMENTATIONS = YES;
				CLANG_WARN_DIRECT_OBJC_ISA_USAGE = YES_ERROR;
				CLANG_WARN_DOCUMENTATION_COMMENTS = YES;
				CLANG_WARN_EMPTY_BODY = YES;
				CLANG_WARN_ENUM_CONVERSION = YES;
				CLANG_WARN_INFINITE_RECURSION = YES;
				CLANG_WARN_INT_CONVERSION = YES;
				CLANG_WARN_NON_LITERAL_NULL_CONVERSION = YES;
				CLANG_WARN_OBJC_IMPLICIT_RETAIN_SELF = YES;
				CLANG_WARN_OBJC_LITERAL_CONVERSION = YES;
				CLANG_WARN_OBJC_ROOT_CLASS = YES_ERROR;
				CLANG_WARN_QUOTED_INCLUDE_IN_FRAMEWORK_HEADER = YES;
				CLANG_WARN_RANGE_LOOP_ANALYSIS = YES;
				CLANG_WARN_STRICT_PROTOTYPES = YES;
				CLANG_WARN_SUSPICIOUS_MOVE = YES;
				CLANG_WARN_UNGUARDED_AVAILABILITY = YES_AGGRESSIVE;
				CLANG_WARN_UNREACHABLE_CODE = YES;
				CLANG_WARN__DUPLICATE_METHOD_MATCH = YES;
				COPY_PHASE_STRIP = NO;
				DEBUG_INFORMATION_FORMAT = dwarf;
				ENABLE_STRICT_OBJC_MSGSEND = YES;
				ENABLE_TESTABILITY = YES;
				ENABLE_USER_SCRIPT_SANDBOXING = YES;
				GCC_C_LANGUAGE_STANDARD = gnu17;
				GCC_DYNAMIC_NO_PIC = NO;
				GCC_NO_COMMON_BLOCKS = YES;
				GCC_OPTIMIZATION_LEVEL = 0;
				GCC_PREPROCESSOR_DEFINITIONS = (
					"DEBUG=1",
					"$(inherited)",
				);
				GCC_WARN_64_TO_32_BIT_CONVERSION = YES;
				GCC_WARN_ABOUT_RETURN_TYPE = YES_ERROR;
				GCC_WARN_UNDECLARED_SELECTOR = YES;
				GCC_WARN_UNINITIALIZED_AUTOS = YES_AGGRESSIVE;
				GCC_WARN_UNUSED_FUNCTION = YES;
				GCC_WARN_UNUSED_VARIABLE = YES;
				LOCALIZATION_PREFERS_STRING_CATALOGS = YES;
				MTL_ENABLE_DEBUG_INFO = INCLUDE_SOURCE;
				MTL_FAST_MATH = YES;
				ONLY_ACTIVE_ARCH = YES;
				SWIFT_ACTIVE_COMPILATION_CONDITIONS = "DEBUG $(inherited)";
				SWIFT_OPTIMIZATION_LEVEL = "-Onone";
			};
			name = Debug;
		};
		D9A0C13D2CD9E805008F4E70 /* Release */ = {
			isa = XCBuildConfiguration;
			buildSettings = {
				ALWAYS_SEARCH_USER_PATHS = NO;
				ASSETCATALOG_COMPILER_GENERATE_SWIFT_ASSET_SYMBOL_EXTENSIONS = YES;
				CLANG_ANALYZER_NONNULL = YES;
				CLANG_ANALYZER_NUMBER_OBJECT_CONVERSION = YES_AGGRESSIVE;
				CLANG_CXX_LANGUAGE_STANDARD = "gnu++20";
				CLANG_ENABLE_MODULES = YES;
				CLANG_ENABLE_OBJC_ARC = YES;
				CLANG_ENABLE_OBJC_WEAK = YES;
				CLANG_WARN_BLOCK_CAPTURE_AUTORELEASING = YES;
				CLANG_WARN_BOOL_CONVERSION = YES;
				CLANG_WARN_COMMA = YES;
				CLANG_WARN_CONSTANT_CONVERSION = YES;
				CLANG_WARN_DEPRECATED_OBJC_IMPLEMENTATIONS = YES;
				CLANG_WARN_DIRECT_OBJC_ISA_USAGE = YES_ERROR;
				CLANG_WARN_DOCUMENTATION_COMMENTS = YES;
				CLANG_WARN_EMPTY_BODY = YES;
				CLANG_WARN_ENUM_CONVERSION = YES;
				CLANG_WARN_INFINITE_RECURSION = YES;
				CLANG_WARN_INT_CONVERSION = YES;
				CLANG_WARN_NON_LITERAL_NULL_CONVERSION = YES;
				CLANG_WARN_OBJC_IMPLICIT_RETAIN_SELF = YES;
				CLANG_WARN_OBJC_LITERAL_CONVERSION = YES;
				CLANG_WARN_OBJC_ROOT_CLASS = YES_ERROR;
				CLANG_WARN_QUOTED_INCLUDE_IN_FRAMEWORK_HEADER = YES;
				CLANG_WARN_RANGE_LOOP_ANALYSIS = YES;
				CLANG_WARN_STRICT_PROTOTYPES = YES;
				CLANG_WARN_SUSPICIOUS_MOVE = YES;
				CLANG_WARN_UNGUARDED_AVAILABILITY = YES_AGGRESSIVE;
				CLANG_WARN_UNREACHABLE_CODE = YES;
				CLANG_WARN__DUPLICATE_METHOD_MATCH = YES;
				COPY_PHASE_STRIP = NO;
				DEBUG_INFORMATION_FORMAT = "dwarf-with-dsym";
				ENABLE_NS_ASSERTIONS = NO;
				ENABLE_STRICT_OBJC_MSGSEND = YES;
				ENABLE_USER_SCRIPT_SANDBOXING = YES;
				GCC_C_LANGUAGE_STANDARD = gnu17;
				GCC_NO_COMMON_BLOCKS = YES;
				GCC_WARN_64_TO_32_BIT_CONVERSION = YES;
				GCC_WARN_ABOUT_RETURN_TYPE = YES_ERROR;
				GCC_WARN_UNDECLARED_SELECTOR = YES;
				GCC_WARN_UNINITIALIZED_AUTOS = YES_AGGRESSIVE;
				GCC_WARN_UNUSED_FUNCTION = YES;
				GCC_WARN_UNUSED_VARIABLE = YES;
				LOCALIZATION_PREFERS_STRING_CATALOGS = YES;
				MTL_ENABLE_DEBUG_INFO = NO;
				MTL_FAST_MATH = YES;
				SWIFT_COMPILATION_MODE = wholemodule;
			};
			name = Release;
		};
		D9A0C13F2CD9E805008F4E70 /* Debug */ = {
			isa = XCBuildConfiguration;
			buildSettings = {
				ASSETCATALOG_COMPILER_APPICON_NAME = AppIcon;
				ASSETCATALOG_COMPILER_GLOBAL_ACCENT_COLOR_NAME = AccentColor;
				CODE_SIGN_ENTITLEMENTS = SupaSet/SupaSet.entitlements;
				CODE_SIGN_STYLE = Automatic;
				CURRENT_PROJECT_VERSION = 1;
				DEVELOPMENT_ASSET_PATHS = "\"SupaSet/Preview Content\"";
				DEVELOPMENT_TEAM = 3RXQC7X4AK;
				ENABLE_HARDENED_RUNTIME = YES;
				ENABLE_PREVIEWS = YES;
				GENERATE_INFOPLIST_FILE = YES;
				INFOPLIST_KEY_LSApplicationCategoryType = "public.app-category.healthcare-fitness";
				INFOPLIST_KEY_NSSupportsLiveActivities = YES;
				"INFOPLIST_KEY_UIApplicationSceneManifest_Generation[sdk=iphoneos*]" = YES;
				"INFOPLIST_KEY_UIApplicationSceneManifest_Generation[sdk=iphonesimulator*]" = YES;
				"INFOPLIST_KEY_UIApplicationSupportsIndirectInputEvents[sdk=iphoneos*]" = YES;
				"INFOPLIST_KEY_UIApplicationSupportsIndirectInputEvents[sdk=iphonesimulator*]" = YES;
				"INFOPLIST_KEY_UILaunchScreen_Generation[sdk=iphoneos*]" = YES;
				"INFOPLIST_KEY_UILaunchScreen_Generation[sdk=iphonesimulator*]" = YES;
				"INFOPLIST_KEY_UIStatusBarStyle[sdk=iphoneos*]" = UIStatusBarStyleDefault;
				"INFOPLIST_KEY_UIStatusBarStyle[sdk=iphonesimulator*]" = UIStatusBarStyleDefault;
				INFOPLIST_KEY_UISupportedInterfaceOrientations = UIInterfaceOrientationPortrait;
				INFOPLIST_KEY_UISupportedInterfaceOrientations_iPad = "UIInterfaceOrientationLandscapeLeft UIInterfaceOrientationLandscapeRight UIInterfaceOrientationPortrait UIInterfaceOrientationPortraitUpsideDown";
				IPHONEOS_DEPLOYMENT_TARGET = 18.0;
				LD_RUNPATH_SEARCH_PATHS = "@executable_path/Frameworks";
				"LD_RUNPATH_SEARCH_PATHS[sdk=macosx*]" = "@executable_path/../Frameworks";
				MACOSX_DEPLOYMENT_TARGET = 15.1;
				MARKETING_VERSION = 1.0;
				PRODUCT_BUNDLE_IDENTIFIER = rishigarg.SupaSet;
				PRODUCT_NAME = "$(TARGET_NAME)";
				SDKROOT = auto;
				SUPPORTED_PLATFORMS = "iphoneos iphonesimulator";
				SUPPORTS_MACCATALYST = NO;
				SWIFT_EMIT_LOC_STRINGS = YES;
				SWIFT_VERSION = 5.0;
				TARGETED_DEVICE_FAMILY = 1;
				XROS_DEPLOYMENT_TARGET = 2.1;
			};
			name = Debug;
		};
		D9A0C1402CD9E805008F4E70 /* Release */ = {
			isa = XCBuildConfiguration;
			buildSettings = {
				ASSETCATALOG_COMPILER_APPICON_NAME = AppIcon;
				ASSETCATALOG_COMPILER_GLOBAL_ACCENT_COLOR_NAME = AccentColor;
				CODE_SIGN_ENTITLEMENTS = SupaSet/SupaSet.entitlements;
				CODE_SIGN_STYLE = Automatic;
				CURRENT_PROJECT_VERSION = 1;
				DEVELOPMENT_ASSET_PATHS = "\"SupaSet/Preview Content\"";
				DEVELOPMENT_TEAM = 3RXQC7X4AK;
				ENABLE_HARDENED_RUNTIME = YES;
				ENABLE_PREVIEWS = YES;
				GENERATE_INFOPLIST_FILE = YES;
				INFOPLIST_KEY_LSApplicationCategoryType = "public.app-category.healthcare-fitness";
				INFOPLIST_KEY_NSSupportsLiveActivities = YES;
				"INFOPLIST_KEY_UIApplicationSceneManifest_Generation[sdk=iphoneos*]" = YES;
				"INFOPLIST_KEY_UIApplicationSceneManifest_Generation[sdk=iphonesimulator*]" = YES;
				"INFOPLIST_KEY_UIApplicationSupportsIndirectInputEvents[sdk=iphoneos*]" = YES;
				"INFOPLIST_KEY_UIApplicationSupportsIndirectInputEvents[sdk=iphonesimulator*]" = YES;
				"INFOPLIST_KEY_UILaunchScreen_Generation[sdk=iphoneos*]" = YES;
				"INFOPLIST_KEY_UILaunchScreen_Generation[sdk=iphonesimulator*]" = YES;
				"INFOPLIST_KEY_UIStatusBarStyle[sdk=iphoneos*]" = UIStatusBarStyleDefault;
				"INFOPLIST_KEY_UIStatusBarStyle[sdk=iphonesimulator*]" = UIStatusBarStyleDefault;
				INFOPLIST_KEY_UISupportedInterfaceOrientations = UIInterfaceOrientationPortrait;
				INFOPLIST_KEY_UISupportedInterfaceOrientations_iPad = "UIInterfaceOrientationLandscapeLeft UIInterfaceOrientationLandscapeRight UIInterfaceOrientationPortrait UIInterfaceOrientationPortraitUpsideDown";
				IPHONEOS_DEPLOYMENT_TARGET = 18.0;
				LD_RUNPATH_SEARCH_PATHS = "@executable_path/Frameworks";
				"LD_RUNPATH_SEARCH_PATHS[sdk=macosx*]" = "@executable_path/../Frameworks";
				MACOSX_DEPLOYMENT_TARGET = 15.1;
				MARKETING_VERSION = 1.0;
				PRODUCT_BUNDLE_IDENTIFIER = rishigarg.SupaSet;
				PRODUCT_NAME = "$(TARGET_NAME)";
				SDKROOT = auto;
				SUPPORTED_PLATFORMS = "iphoneos iphonesimulator";
				SUPPORTS_MACCATALYST = NO;
				SWIFT_EMIT_LOC_STRINGS = YES;
				SWIFT_VERSION = 5.0;
				TARGETED_DEVICE_FAMILY = 1;
				XROS_DEPLOYMENT_TARGET = 2.1;
			};
			name = Release;
		};
		D9A0C1422CD9E805008F4E70 /* Debug */ = {
			isa = XCBuildConfiguration;
			buildSettings = {
				BUNDLE_LOADER = "$(TEST_HOST)";
				CODE_SIGN_STYLE = Automatic;
				CURRENT_PROJECT_VERSION = 1;
				DEVELOPMENT_TEAM = 3RXQC7X4AK;
				GENERATE_INFOPLIST_FILE = YES;
				IPHONEOS_DEPLOYMENT_TARGET = 18.1;
				MACOSX_DEPLOYMENT_TARGET = 15.1;
				MARKETING_VERSION = 1.0;
				PRODUCT_BUNDLE_IDENTIFIER = rishigarg.SupaSetTests;
				PRODUCT_NAME = "$(TARGET_NAME)";
				SDKROOT = auto;
				SUPPORTED_PLATFORMS = "iphoneos iphonesimulator macosx xros xrsimulator";
				SWIFT_EMIT_LOC_STRINGS = NO;
				SWIFT_VERSION = 5.0;
				TARGETED_DEVICE_FAMILY = "1,2,7";
				TEST_HOST = "$(BUILT_PRODUCTS_DIR)/SupaSet.app/$(BUNDLE_EXECUTABLE_FOLDER_PATH)/SupaSet";
				XROS_DEPLOYMENT_TARGET = 2.1;
			};
			name = Debug;
		};
		D9A0C1432CD9E805008F4E70 /* Release */ = {
			isa = XCBuildConfiguration;
			buildSettings = {
				BUNDLE_LOADER = "$(TEST_HOST)";
				CODE_SIGN_STYLE = Automatic;
				CURRENT_PROJECT_VERSION = 1;
				DEVELOPMENT_TEAM = 3RXQC7X4AK;
				GENERATE_INFOPLIST_FILE = YES;
				IPHONEOS_DEPLOYMENT_TARGET = 18.1;
				MACOSX_DEPLOYMENT_TARGET = 15.1;
				MARKETING_VERSION = 1.0;
				PRODUCT_BUNDLE_IDENTIFIER = rishigarg.SupaSetTests;
				PRODUCT_NAME = "$(TARGET_NAME)";
				SDKROOT = auto;
				SUPPORTED_PLATFORMS = "iphoneos iphonesimulator macosx xros xrsimulator";
				SWIFT_EMIT_LOC_STRINGS = NO;
				SWIFT_VERSION = 5.0;
				TARGETED_DEVICE_FAMILY = "1,2,7";
				TEST_HOST = "$(BUILT_PRODUCTS_DIR)/SupaSet.app/$(BUNDLE_EXECUTABLE_FOLDER_PATH)/SupaSet";
				XROS_DEPLOYMENT_TARGET = 2.1;
			};
			name = Release;
		};
		D9A0C1452CD9E805008F4E70 /* Debug */ = {
			isa = XCBuildConfiguration;
			buildSettings = {
				CODE_SIGN_STYLE = Automatic;
				CURRENT_PROJECT_VERSION = 1;
				DEVELOPMENT_TEAM = 3RXQC7X4AK;
				GENERATE_INFOPLIST_FILE = YES;
				IPHONEOS_DEPLOYMENT_TARGET = 18.1;
				MACOSX_DEPLOYMENT_TARGET = 15.1;
				MARKETING_VERSION = 1.0;
				PRODUCT_BUNDLE_IDENTIFIER = rishigarg.SupaSetUITests;
				PRODUCT_NAME = "$(TARGET_NAME)";
				SDKROOT = auto;
				SUPPORTED_PLATFORMS = "iphoneos iphonesimulator macosx xros xrsimulator";
				SWIFT_EMIT_LOC_STRINGS = NO;
				SWIFT_VERSION = 5.0;
				TARGETED_DEVICE_FAMILY = "1,2,7";
				TEST_TARGET_NAME = SupaSet;
				XROS_DEPLOYMENT_TARGET = 2.1;
			};
			name = Debug;
		};
		D9A0C1462CD9E805008F4E70 /* Release */ = {
			isa = XCBuildConfiguration;
			buildSettings = {
				CODE_SIGN_STYLE = Automatic;
				CURRENT_PROJECT_VERSION = 1;
				DEVELOPMENT_TEAM = 3RXQC7X4AK;
				GENERATE_INFOPLIST_FILE = YES;
				IPHONEOS_DEPLOYMENT_TARGET = 18.1;
				MACOSX_DEPLOYMENT_TARGET = 15.1;
				MARKETING_VERSION = 1.0;
				PRODUCT_BUNDLE_IDENTIFIER = rishigarg.SupaSetUITests;
				PRODUCT_NAME = "$(TARGET_NAME)";
				SDKROOT = auto;
				SUPPORTED_PLATFORMS = "iphoneos iphonesimulator macosx xros xrsimulator";
				SWIFT_EMIT_LOC_STRINGS = NO;
				SWIFT_VERSION = 5.0;
				TARGETED_DEVICE_FAMILY = "1,2,7";
				TEST_TARGET_NAME = SupaSet;
				XROS_DEPLOYMENT_TARGET = 2.1;
			};
			name = Release;
		};
		D9AF18512CDEBF44001ACDDA /* Debug */ = {
			isa = XCBuildConfiguration;
			buildSettings = {
				ASSETCATALOG_COMPILER_GLOBAL_ACCENT_COLOR_NAME = AccentColor;
				ASSETCATALOG_COMPILER_WIDGET_BACKGROUND_COLOR_NAME = WidgetBackground;
				CODE_SIGN_STYLE = Automatic;
				CURRENT_PROJECT_VERSION = 1;
				DEVELOPMENT_TEAM = 3RXQC7X4AK;
				GENERATE_INFOPLIST_FILE = YES;
				INFOPLIST_FILE = SupaSetWidget/Info.plist;
				INFOPLIST_KEY_CFBundleDisplayName = SupaSetWidget;
				INFOPLIST_KEY_NSHumanReadableCopyright = "";
				IPHONEOS_DEPLOYMENT_TARGET = 18.1;
				LD_RUNPATH_SEARCH_PATHS = (
					"$(inherited)",
					"@executable_path/Frameworks",
					"@executable_path/../../Frameworks",
				);
				MARKETING_VERSION = 1.0;
				PRODUCT_BUNDLE_IDENTIFIER = rishigarg.SupaSet.SupaSetWidget;
				PRODUCT_NAME = "$(TARGET_NAME)";
				SDKROOT = iphoneos;
				SKIP_INSTALL = YES;
				SWIFT_EMIT_LOC_STRINGS = YES;
				SWIFT_VERSION = 5.0;
				TARGETED_DEVICE_FAMILY = "1,2";
			};
			name = Debug;
		};
		D9AF18522CDEBF44001ACDDA /* Release */ = {
			isa = XCBuildConfiguration;
			buildSettings = {
				ASSETCATALOG_COMPILER_GLOBAL_ACCENT_COLOR_NAME = AccentColor;
				ASSETCATALOG_COMPILER_WIDGET_BACKGROUND_COLOR_NAME = WidgetBackground;
				CODE_SIGN_STYLE = Automatic;
				CURRENT_PROJECT_VERSION = 1;
				DEVELOPMENT_TEAM = 3RXQC7X4AK;
				GENERATE_INFOPLIST_FILE = YES;
				INFOPLIST_FILE = SupaSetWidget/Info.plist;
				INFOPLIST_KEY_CFBundleDisplayName = SupaSetWidget;
				INFOPLIST_KEY_NSHumanReadableCopyright = "";
				IPHONEOS_DEPLOYMENT_TARGET = 18.1;
				LD_RUNPATH_SEARCH_PATHS = (
					"$(inherited)",
					"@executable_path/Frameworks",
					"@executable_path/../../Frameworks",
				);
				MARKETING_VERSION = 1.0;
				PRODUCT_BUNDLE_IDENTIFIER = rishigarg.SupaSet.SupaSetWidget;
				PRODUCT_NAME = "$(TARGET_NAME)";
				SDKROOT = iphoneos;
				SKIP_INSTALL = YES;
				SWIFT_EMIT_LOC_STRINGS = YES;
				SWIFT_VERSION = 5.0;
				TARGETED_DEVICE_FAMILY = "1,2";
				VALIDATE_PRODUCT = YES;
			};
			name = Release;
		};
/* End XCBuildConfiguration section */

/* Begin XCConfigurationList section */
		D9A0C1142CD9E803008F4E70 /* Build configuration list for PBXProject "SupaSet" */ = {
			isa = XCConfigurationList;
			buildConfigurations = (
				D9A0C13C2CD9E805008F4E70 /* Debug */,
				D9A0C13D2CD9E805008F4E70 /* Release */,
			);
			defaultConfigurationIsVisible = 0;
			defaultConfigurationName = Release;
		};
		D9A0C13E2CD9E805008F4E70 /* Build configuration list for PBXNativeTarget "SupaSet" */ = {
			isa = XCConfigurationList;
			buildConfigurations = (
				D9A0C13F2CD9E805008F4E70 /* Debug */,
				D9A0C1402CD9E805008F4E70 /* Release */,
			);
			defaultConfigurationIsVisible = 0;
			defaultConfigurationName = Release;
		};
		D9A0C1412CD9E805008F4E70 /* Build configuration list for PBXNativeTarget "SupaSetTests" */ = {
			isa = XCConfigurationList;
			buildConfigurations = (
				D9A0C1422CD9E805008F4E70 /* Debug */,
				D9A0C1432CD9E805008F4E70 /* Release */,
			);
			defaultConfigurationIsVisible = 0;
			defaultConfigurationName = Release;
		};
		D9A0C1442CD9E805008F4E70 /* Build configuration list for PBXNativeTarget "SupaSetUITests" */ = {
			isa = XCConfigurationList;
			buildConfigurations = (
				D9A0C1452CD9E805008F4E70 /* Debug */,
				D9A0C1462CD9E805008F4E70 /* Release */,
			);
			defaultConfigurationIsVisible = 0;
			defaultConfigurationName = Release;
		};
		D9AF18542CDEBF44001ACDDA /* Build configuration list for PBXNativeTarget "SupaSetWidgetExtension" */ = {
			isa = XCConfigurationList;
			buildConfigurations = (
				D9AF18512CDEBF44001ACDDA /* Debug */,
				D9AF18522CDEBF44001ACDDA /* Release */,
			);
			defaultConfigurationIsVisible = 0;
			defaultConfigurationName = Release;
		};
/* End XCConfigurationList section */
	};
	rootObject = D9A0C1112CD9E803008F4E70 /* Project object */;
}
